{
    "_meta": {
        "hash": {
            "sha256": "21b416fa37ee0a00328b33210017144cf31f9df839ce0ff836739f47f8424668"
        },
        "pipfile-spec": 6,
        "requires": {
            "python_version": "3.13"
        },
        "sources": [
            {
                "name": "pypi",
                "url": "https://pypi.org/simple",
                "verify_ssl": true
            }
        ]
    },
    "default": {
        "asn1tools": {
            "hashes": [
                "sha256:cad53f6f6d788a6eec5e37543401cd8c39f138cc8016b64629ec29fb4735f5b2"
            ],
            "index": "pypi",
            "version": "==0.167.0"
        },
        "bitstruct": {
            "hashes": [
                "sha256:08aef3b4652183315ce44cebb48c6a9bac4d6f3516757e072557e0eb7ed361a8",
                "sha256:0be6dbc5fd0777877215edc516b84fabe9b94c37d46f8828c0c7b485e6ba6f88",
                "sha256:0e08bbb442d0cb36f993ff2756b68332b0d19eae4775f63c29ca29ccd95a7fc1",
                "sha256:13d83a946afa26dbc5dbbc387490c05ba710bc678989a17057e7d7ede32af014",
                "sha256:176f5523bf507b60d508a1757e2bad47104db2f2b3565b101270100a48a0f6cf",
                "sha256:19fd5a131a9f96e428ed9b96b770fbac6b18d6a90b40c8290af9a7ad1875c7b1",
                "sha256:1bd9e07e8024ba76204fef264f6f63c8a5e409bb6b06b1b0e67d08cd02171f94",
                "sha256:1f068e77c20d97bf21e693aa641e7d55c1473186f328476ba1a363f131194f42",
                "sha256:1f694e86c9e6a93bc087bb21292a02246afd314ebe093dd312f22ac8e6ae16dd",
                "sha256:2100430ec231e883f901fa192075910217b72de30d150cf711f855179d05a72b",
                "sha256:214bb06f69c6abaf2f8b707fe709ccf60d9c75a68736f0bf57354b7b8843cbae",
                "sha256:239f49c9e4749dc28bab5c2b54ba0b6be37b7bca2886d57cf68586a46fcba0a4",
                "sha256:27e49eef9f47c3b570e4142dd39384a04bcbf8e37a6c9ac5acc6c1f26f2a0e83",
                "sha256:2ce075da108d7f1365441d4c79ebf327fd51c7269ccc5df883684d35fee224d9",
                "sha256:3969761b8b37fc6f868180389e8587ed7e04b078d6a03c20a4f30c7024fa8389",
                "sha256:3a5db5f7760245b7a94c8f0d7beb70d122567b779a0f8ed1b0c8a7f6cedfe869",
                "sha256:403bb9f4ed45decdb8d20143c59b780d953201cdf2e3567e5e608da807f1aa1f",
                "sha256:426364d4054009003da15e37f95bd683762398949b7c544215d2613f192bc1d7",
                "sha256:495070c753a6d8dbf8d4849313d189bb68102dbf3594ce0fa9dd1b4fe02de148",
                "sha256:4dcb64d1d550480d4f1a70e0540ad69345d43c805c6e972af1da8f57a7caf342",
                "sha256:4ed2ebdceec1372330a4a9318a3c46983417015a160e46e27348fe7e53f8831a",
                "sha256:50fc1700ceef3049a9c9d9963538e56a229354b4dd5701ebb04cf96452a9cf56",
                "sha256:516bdd523f3955630fcf21bed40007e49384904248ce9b232339f1307320dcce",
                "sha256:53307ab06229953e35426d3c2f9889eb0f40d81e36a9dff446aac996f406db58",
                "sha256:55c114181188984cd214b432ea791c1c1d463d66b745e4d98451f214bc70a913",
                "sha256:5661d549dbd7222dc8c8ca0642ba119663b8989cec84ca897a00f8f8eae05666",
                "sha256:5e803bb72bf786295dadf8c38b82f5e5339abf4eae8929b042f79580e071b411",
                "sha256:633654162cc9a107dd4777d0de30bbab4aab6777625a813e09cfef10c69c131c",
                "sha256:64734ad9df02f366f6f60cc0dd20368f64e9e8d9fb739b19fc6acfd3c17e1c22",
                "sha256:760cb4993e056f514465e5801f4f1e99fab39f30c18ef5663c66aa1dd8fec3be",
                "sha256:771c7037718d9cb19cd60ccf9c6caa2e39fea1719ca1d499c25c7b8134ca1e33",
                "sha256:796347dae4e9162d31cdbe69e6225edb21bd3cccf476a7fbdc6dc7d506064bc2",
                "sha256:7f2c5b8a0fae90432312df763f4798ee0bf280a88f87e83b461aa0d62c2a40a6",
                "sha256:89a39783a8af94e3fdf42e69f99928c780abd40842715e5cbc49429de6f0c2a6",
                "sha256:8b2325c5480474c6ecda1e61ffc5e0d2ce2b87c7125dd108ab6c2457fd36d30d",
                "sha256:8b338be695a7209b56dcdb9f2f7a6da3f812c1ee25308f51051c831c63504806",
                "sha256:8ca9c13155c15a5d85682f49cb90cc3b62e84702f281226061055254b05d84fb",
                "sha256:8d249947093c3b6d6c9c2ee286d9398bf5a2231a1225a1f0efb7fa52eaa252bb",
                "sha256:8eba4a6b62d5fb27a7256268e5ae72d5698aa05f6600bcf8ac8e4ed7dc0257fe",
                "sha256:91c34823a6bcff40a2b482b298c62e01cc2f5c11f32f6d3cf94ca9cfbf3ae75d",
                "sha256:93116f94059693428a07fe48054201c62c2cd6a4369a1b2ac1a2144273dffdf1",
                "sha256:9cfe200b35e618517af8e3827cf7a9b508015f391d4a7bb02f71be71e3be4581",
                "sha256:9d93b09fdc8aa503c2e8f3a68ee33e9bd3c4147de361ac3a92318f5465d4e234",
                "sha256:a70a9cc202704ee63b2de5b895bff013e97f693722cf1ccba7d0112a3f3e0f28",
                "sha256:a8c18a9d6f5b5164ce18c2b764b0974f36809419f7084def7882b9ba411614bf",
                "sha256:b5c6d1b0aa8a842ddb97f5473d2e514f599417fc3cf73d4eaa117d9400f23293",
                "sha256:b88912f6942cc6a952a910bfb382b0883717e82a96d20e9bc80e20605373d5bb",
                "sha256:bf0ea3876f3c02999c0f32a200e8871b0e6822351be60d4524f8526cfc24018a",
                "sha256:c83ec458453ed9950ff3735b9ad5d6a19b33317729abc5aebdf11b2768b05634",
                "sha256:c8c296b5358564ef956140bc0489510659e67e8e03703ef5533a7d3bdf3be1b0",
                "sha256:d2035a5ddd776c76908e9d10c704ecfbfd8cd980c7356067b75cd710fca66ccf",
                "sha256:d6e12098f64d9f8c43ca49c39aea72e7ab9cae957f2562e0eef990bf29473c5c",
                "sha256:dcc4d9d09ed713af523dab5f1980229fc5280163d534589fcf9660c38be3a3aa",
                "sha256:dfd02a001f1224cc94c04fcf6fd6ae07bb2c34a949ac968e0c4a477390e9d20e",
                "sha256:e0bca81bb7e4cd76fbd3cf39e7b4a4bc53cbd12b996542e369ad67bb7a52ef8f",
                "sha256:e1b970bed311aa269ea765bc32444beabc38e27acf203bf027b9d87a5f175e2e",
                "sha256:efcd8ecbd52e97701ff4cdb68c6d6ec423fc6c90ad9d0d95c171c6630df645e5",
                "sha256:f3e2882e4c62c25a5e0f925715281197150dcf98a3a043e322872068e3aa2e63",
                "sha256:f413d7854081669dfdbd57ab444066ac81fa2277204eed4a03ed7bb750ecc7d5",
                "sha256:ff0be4968a45caf8688e075f55cca7a3fe9212b069ba67e5b27b0926a11948ac",
                "sha256:ffd0aefc9fc5f31cf02afea2ae93a38fe8c4785102aca9b6a40d33f44df1419b"
            ],
            "markers": "python_version >= '3.9'",
            "version": "==8.21.0"
        },
        "iniconfig": {
            "hashes": [
                "sha256:3abbd2e30b36733fee78f9c7f7308f2d0050e88f0087fd25c2645f63c773e1c7",
                "sha256:9deba5723312380e77435581c6bf4935c94cbfab9b1ed33ef8d238ea168eb760"
            ],
            "markers": "python_version >= '3.8'",
            "version": "==2.1.0"
        },
        "packaging": {
            "hashes": [
                "sha256:29572ef2b1f17581046b3a2227d5c611fb25ec70ca1ba8554b24b0e69331a484",
                "sha256:d443872c98d677bf60f6a1f2f8c1cb748e8fe762d2bf9d3148b5599295b0fc4f"
            ],
            "markers": "python_version >= '3.8'",
            "version": "==25.0"
        },
        "pluggy": {
            "hashes": [
                "sha256:7dcc130b76258d33b90f61b658791dede3486c3e6bfb003ee5c9bfb396dd22f3",
                "sha256:e920276dd6813095e9377c0bc5566d94c932c33b27a3e3945d8389c374dd4746"
            ],
            "markers": "python_version >= '3.9'",
            "version": "==1.6.0"
        },
        "pyparsing": {
            "hashes": [
                "sha256:a749938e02d6fd0b59b356ca504a24982314bb090c383e3cf201c95ef7e2bfcf",
                "sha256:b9c13f1ab8b3b542f72e28f634bad4de758ab3ce4546e4301970ad6fa77c38be"
            ],
            "markers": "python_version >= '3.9'",
            "version": "==3.2.3"
        },
        "pytest": {
            "hashes": [
                "sha256:c69214aa47deac29fad6c2a4f590b9c4a9fdb16a403176fe154b79c0b4d4d820",
                "sha256:f4efe70cc14e511565ac476b57c279e12a855b11f48f212af1080ef2263d3845"
            ],
            "index": "pypi",
            "markers": "python_version >= '3.8'",
            "version": "==8.3.5"
        }
    },
    "develop": {}
}
